
Microsoft Visual Studio Solution File, Format Version 12.00
Project("{FAE04EC0-301F-11D3-BF4B-00C04F79EFBC}") = "MovieGraph.Web", "MovieGraph.Web\MovieGraph.Web.csproj", "{28767D73-B685-4533-A3FF-84024A337666}"
EndProject
Global
	GlobalSection(SolutionConfigurationPlatforms) = preSolution
		Debug|Any CPU = Debug|Any CPU
		Release|Any CPU = Release|Any CPU
	EndGlobalSection
	GlobalSection(ProjectConfigurationPlatforms) = postSolution
		{28767D73-B685-4533-A3FF-84024A337666}.Debug|Any CPU.ActiveCfg = Debug|Any CPU
		{28767D73-B685-4533-A3FF-84024A337666}.Debug|Any CPU.Build.0 = Debug|Any CPU
		{28767D73-B685-4533-A3FF-84024A337666}.Release|Any CPU.ActiveCfg = Release|Any CPU
		{28767D73-B685-4533-A3FF-84024A337666}.Release|Any CPU.Build.0 = Release|Any CPU
	EndGlobalSection
EndGlobal
